
Microsoft Visual Studio Solution File, Format Version 12.00
# Visual Studio Version 17
VisualStudioVersion = 17.14.36603.0 d17.14
MinimumVisualStudioVersion = 10.0.40219.1
Project("{FAE04EC0-301F-11D3-BF4B-00C04F79EFBC}") = "Guess the number WpfApp", "Guess the number WpfApp\Guess the number WpfApp.csproj", "{BBC577CC-6717-4A63-BD80-32C986573324}"
EndProject
Global
	GlobalSection(SolutionConfigurationPlatforms) = preSolution
		Debug|Any CPU = Debug|Any CPU
		Release|Any CPU = Release|Any CPU
	EndGlobalSection
	GlobalSection(ProjectConfigurationPlatforms) = postSolution
		{BBC577CC-6717-4A63-BD80-32C986573324}.Debug|Any CPU.ActiveCfg = Debug|Any CPU
		{BBC577CC-6717-4A63-BD80-32C986573324}.Debug|Any CPU.Build.0 = Debug|Any CPU
		{BBC577CC-6717-4A63-BD80-32C986573324}.Release|Any CPU.ActiveCfg = Release|Any CPU
		{BBC577CC-6717-4A63-BD80-32C986573324}.Release|Any CPU.Build.0 = Release|Any CPU
	EndGlobalSection
	GlobalSection(SolutionProperties) = preSolution
		HideSolutionNode = FALSE
	EndGlobalSection
	GlobalSection(ExtensibilityGlobals) = postSolution
		SolutionGuid = {95E4FFF6-EBD5-4E98-A3C3-959B9D0EFEE3}
	EndGlobalSection
EndGlobal
